
Microsoft Visual Studio Solution File, Format Version 12.00
# Visual Studio Version 17
VisualStudioVersion = 17.0.31903.59
MinimumVisualStudioVersion = 10.0.40219.1
Project("{F2A71F9B-5D33-465A-A702-920D77279786}") = "Homework7", "Homework7.fsproj", "{EA5F8398-0851-4C43-9E45-B7DEE75A8CD1}"
EndProject
Project("{F2A71F9B-5D33-465A-A702-920D77279786}") = "Tests", "Tests\Tests.fsproj", "{2B308206-1714-458A-959A-99681989043C}"
EndProject
Global
	GlobalSection(SolutionConfigurationPlatforms) = preSolution
		Debug|Any CPU = Debug|Any CPU
		Release|Any CPU = Release|Any CPU
	EndGlobalSection
	GlobalSection(SolutionProperties) = preSolution
		HideSolutionNode = FALSE
	EndGlobalSection
	GlobalSection(ProjectConfigurationPlatforms) = postSolution
		{EA5F8398-0851-4C43-9E45-B7DEE75A8CD1}.Debug|Any CPU.ActiveCfg = Debug|Any CPU
		{EA5F8398-0851-4C43-9E45-B7DEE75A8CD1}.Debug|Any CPU.Build.0 = Debug|Any CPU
		{EA5F8398-0851-4C43-9E45-B7DEE75A8CD1}.Release|Any CPU.ActiveCfg = Release|Any CPU
		{EA5F8398-0851-4C43-9E45-B7DEE75A8CD1}.Release|Any CPU.Build.0 = Release|Any CPU
		{2B308206-1714-458A-959A-99681989043C}.Debug|Any CPU.ActiveCfg = Debug|Any CPU
		{2B308206-1714-458A-959A-99681989043C}.Debug|Any CPU.Build.0 = Debug|Any CPU
		{2B308206-1714-458A-959A-99681989043C}.Release|Any CPU.ActiveCfg = Release|Any CPU
		{2B308206-1714-458A-959A-99681989043C}.Release|Any CPU.Build.0 = Release|Any CPU
	EndGlobalSection
EndGlobal
